
Microsoft Visual Studio Solution File, Format Version 12.00
# Visual Studio Version 16
VisualStudioVersion = 16.0.30114.105
MinimumVisualStudioVersion = 10.0.40219.1
Project("{FAE04EC0-301F-11D3-BF4B-00C04F79EFBC}") = "WebApi", "WebApi\WebApi.csproj", "{57C33C92-1387-4C1B-A679-B5301F526ED1}"
EndProject
Project("{FAE04EC0-301F-11D3-BF4B-00C04F79EFBC}") = "WebApi.UnitTests", "WebApi.UnitTests\WebApi.UnitTests.csproj", "{F82AF729-4935-4A61-A2C4-EB5249716180}"
EndProject
Global
	GlobalSection(SolutionConfigurationPlatforms) = preSolution
		Debug|Any CPU = Debug|Any CPU
		Release|Any CPU = Release|Any CPU
	EndGlobalSection
	GlobalSection(SolutionProperties) = preSolution
		HideSolutionNode = FALSE
	EndGlobalSection
	GlobalSection(ProjectConfigurationPlatforms) = postSolution
		{57C33C92-1387-4C1B-A679-B5301F526ED1}.Debug|Any CPU.ActiveCfg = Debug|Any CPU
		{57C33C92-1387-4C1B-A679-B5301F526ED1}.Debug|Any CPU.Build.0 = Debug|Any CPU
		{57C33C92-1387-4C1B-A679-B5301F526ED1}.Release|Any CPU.ActiveCfg = Release|Any CPU
		{57C33C92-1387-4C1B-A679-B5301F526ED1}.Release|Any CPU.Build.0 = Release|Any CPU
		{F82AF729-4935-4A61-A2C4-EB5249716180}.Debug|Any CPU.ActiveCfg = Debug|Any CPU
		{F82AF729-4935-4A61-A2C4-EB5249716180}.Debug|Any CPU.Build.0 = Debug|Any CPU
		{F82AF729-4935-4A61-A2C4-EB5249716180}.Release|Any CPU.ActiveCfg = Release|Any CPU
		{F82AF729-4935-4A61-A2C4-EB5249716180}.Release|Any CPU.Build.0 = Release|Any CPU
	EndGlobalSection
EndGlobal
